
Microsoft Visual Studio Solution File, Format Version 12.00
# Visual Studio Version 17
VisualStudioVersion = 17.2.32630.192
MinimumVisualStudioVersion = 10.0.40219.1
Project("{8BC9CEB8-8B4A-11D0-8D11-00A0C91BC942}") = "AsierInho", "AsierInho_DLL\AsierInho_DLL.vcxproj", "{1C58F220-86F6-44CF-AD22-1E54A417AC3C}"
EndProject
Project("{2150E333-8FDC-42A3-9474-1A3956D46DE8}") = "Examples", "Examples", "{C4460ED9-A862-4D03-8D61-9B1CC81BCE13}"
EndProject
Project("{2150E333-8FDC-42A3-9474-1A3956D46DE8}") = "AsieInho", "AsieInho", "{54417CEC-FD5E-4C98-91D0-FE8EE29B6867}"
EndProject
Project("{2150E333-8FDC-42A3-9474-1A3956D46DE8}") = "GSPAT", "GSPAT", "{C2DB4646-7B09-4D06-B930-B88DCAEA78A9}"
EndProject
Project("{2150E333-8FDC-42A3-9474-1A3956D46DE8}") = "PBD_Engine", "PBD_Engine", "{41A0226E-8415-4A72-9A94-EA1817ED8F87}"
EndProject
Project("{8BC9CEB8-8B4A-11D0-8D11-00A0C91BC942}") = "1.simpleAsierInhoCpp", "1.simpleAsierInhoCpp\1.simpleAsierInhoCpp.vcxproj", "{52A1B1F2-2666-49D7-8FD2-38AD0E98C92C}"
EndProject
Project("{8BC9CEB8-8B4A-11D0-8D11-00A0C91BC942}") = "2.simpleAsierInhoC", "2.simpleAsierInhoC\2.simpleAsierInhoC.vcxproj", "{C6F3E907-EDDB-40C9-B552-AA8C26D3C9CB}"
EndProject
Project("{8BC9CEB8-8B4A-11D0-8D11-00A0C91BC942}") = "3.AsierInhoMATD_Cpp", "3.AsierInhoMATD_Cpp\3.AsierIhnoMATD_Cpp.vcxproj", "{81217041-F56A-4125-B77C-D53DBB264016}"
EndProject
Project("{8BC9CEB8-8B4A-11D0-8D11-00A0C91BC942}") = "4.simpleGSPATCpp", "4.simpleGSPATCpp\4.simpleGSPATCpp.vcxproj", "{4EF4BAD6-9B2D-4776-86C0-6F5BF8B66968}"
EndProject
Project("{8BC9CEB8-8B4A-11D0-8D11-00A0C91BC942}") = "5.simpleGSPATC", "5.simpleGSPATC\5.simpleGSPATC.vcxproj", "{75AC257F-E047-4E5B-BAEC-0DCAB1DDC458}"
EndProject
Project("{8BC9CEB8-8B4A-11D0-8D11-00A0C91BC942}") = "InteractFramework", "OpenGLFrameworkWin32.vcxproj", "{C88966D3-53BB-4255-9C3B-8D997CF9EF16}"
	ProjectSection(ProjectDependencies) = postProject
		{5D650ECC-51A0-46B5-AA82-A51A5F97941A} = {5D650ECC-51A0-46B5-AA82-A51A5F97941A}
	EndProjectSection
EndProject
Project("{8BC9CEB8-8B4A-11D0-8D11-00A0C91BC942}") = "GSPAT_RenderingEngine", "GSPAT_RenderingEngine\RenderingEnging.vcxproj", "{4CF76E7A-AADA-44C0-B8D2-68DFDE3A9C01}"
	ProjectSection(ProjectDependencies) = postProject
		{20C85F85-5FAC-4E6D-BD0A-8B436DE149C9} = {20C85F85-5FAC-4E6D-BD0A-8B436DE149C9}
		{4336DAE0-7CF8-4391-B8B8-4DFAE6A2E382} = {4336DAE0-7CF8-4391-B8B8-4DFAE6A2E382}
		{43C4C52D-7E6A-46AD-A707-4D2D2590F03F} = {43C4C52D-7E6A-46AD-A707-4D2D2590F03F}
		{5D650ECC-51A0-46B5-AA82-A51A5F97941A} = {5D650ECC-51A0-46B5-AA82-A51A5F97941A}
		{80B4CBF3-EF01-4B91-ADEC-7700A733D0FA} = {80B4CBF3-EF01-4B91-ADEC-7700A733D0FA}
		{9CB9DDF8-151D-472F-BF06-B30BEB5950D2} = {9CB9DDF8-151D-472F-BF06-B30BEB5950D2}
		{AA1F4D85-46A4-4426-801E-21840AD7D4A4} = {AA1F4D85-46A4-4426-801E-21840AD7D4A4}
	EndProjectSection
EndProject
Project("{8BC9CEB8-8B4A-11D0-8D11-00A0C91BC942}") = "6.simplePBDEngine", "6.simplePBDEngine\6.simplePBDEngine.vcxproj", "{61E9D77E-EBFA-49BD-AD3A-E771344C6DCF}"
EndProject
Project("{8BC9CEB8-8B4A-11D0-8D11-00A0C91BC942}") = "8.GSPAT_Tests(Scale,forces)", "4.scaleGS_PAT\4.scaleGSPAT.vcxproj", "{37182C94-841B-4A6B-AF0A-8BDF1AA1D6E2}"
EndProject
Project("{8BC9CEB8-8B4A-11D0-8D11-00A0C91BC942}") = "AsierInho_V2", "AsierInho_DLLV2\AsierInho_DLLV2.vcxproj", "{AA1F4D85-46A4-4426-801E-21840AD7D4A4}"
EndProject
Project("{8BC9CEB8-8B4A-11D0-8D11-00A0C91BC942}") = "6.simpleGSPATCpp_AsierInhoV2", "6.simpleGSPATCpp_AsierInhoV2\6.simpleGSPATCpp_AsierInhoV2.vcxproj", "{7E646182-5005-4DB0-8EFF-417FD9458852}"
EndProject
Project("{8BC9CEB8-8B4A-11D0-8D11-00A0C91BC942}") = "7.simpleGSPATC_AsierInhoV2", "7.simpleGSPATC_AsierInhoV2\7.simpleGSPATC_AsierInhoV2.vcxproj", "{CFA8E43B-B741-43D8-A3AA-DAAF97071B1E}"
EndProject
Project("{8BC9CEB8-8B4A-11D0-8D11-00A0C91BC942}") = "GenerateBoardConfigurationFiles", "GenerateBoardConfigurationFiles\GenerateBoardConfigurationFiles.vcxproj", "{0089A6B6-99E7-405E-9C7F-60C2DF2E27A7}"
EndProject
Project("{2150E333-8FDC-42A3-9474-1A3956D46DE8}") = "coreLibraries", "coreLibraries", "{A859EB9A-BC1C-4980-B52B-C7D8470BE609}"
EndProject
Project("{2150E333-8FDC-42A3-9474-1A3956D46DE8}") = "AsierInho_Versions", "AsierInho_Versions", "{DA5D9FF7-C98B-4F95-9F95-33BD36D6694D}"
EndProject
Project("{2150E333-8FDC-42A3-9474-1A3956D46DE8}") = "GSPAT_Solver_Versions", "GSPAT_Solver_Versions", "{5DBE597F-560D-4D84-BF27-3070B0956D73}"
EndProject
Project("{2150E333-8FDC-42A3-9474-1A3956D46DE8}") = "GSPAT_RenderingEngine_Versions", "GSPAT_RenderingEngine_Versions", "{E9CD4EA6-2BE2-4A16-A6A9-5C2F626CB024}"
EndProject
Project("{2150E333-8FDC-42A3-9474-1A3956D46DE8}") = "Utility(config,test)", "Utility(config,test)", "{6C7D68A2-E80B-484C-859C-7D7B091EE0C6}"
EndProject
Project("{8BC9CEB8-8B4A-11D0-8D11-00A0C91BC942}") = "GSPAT_SolverV3", "GSPAT_SolverV3\GSPAT_SolverV3.vcxproj", "{4336DAE0-7CF8-4391-B8B8-4DFAE6A2E382}"
EndProject
Project("{8BC9CEB8-8B4A-11D0-8D11-00A0C91BC942}") = "GSPAT_SolverV4", "GSPAT_SolverV4\GSPAT_SolverV4.vcxproj", "{43C4C52D-7E6A-46AD-A707-4D2D2590F03F}"
EndProject
Project("{8BC9CEB8-8B4A-11D0-8D11-00A0C91BC942}") = "GSPAT_SolverV2", "GSPAT_SolverV2\GSPAT_SolverV2.vcxproj", "{5D650ECC-51A0-46B5-AA82-A51A5F97941A}"
EndProject
Project("{8BC9CEB8-8B4A-11D0-8D11-00A0C91BC942}") = "AsierInho_V3", "AsierInho_DLLV3\AsierInho_DLLV3.vcxproj", "{72360300-230E-4960-841E-48E33011BB1B}"
EndProject
Project("{8BC9CEB8-8B4A-11D0-8D11-00A0C91BC942}") = "GSPAT_SolverIBP", "GSPAT_SolverIBP\GSPAT_SolverIBP.vcxproj", "{20C85F85-5FAC-4E6D-BD0A-8B436DE149C9}"
EndProject
Project("{8BC9CEB8-8B4A-11D0-8D11-00A0C91BC942}") = "GSPAT_SolverNaive", "GSPAT_SolverNaive\GSPAT_SolverNaive.vcxproj", "{9CB9DDF8-151D-472F-BF06-B30BEB5950D2}"
EndProject
Project("{8BC9CEB8-8B4A-11D0-8D11-00A0C91BC942}") = "0.testTransducers", "0.testTransducers\0.testTransducers.vcxproj", "{943F19D2-3CBD-47A1-8B1B-F165DAF43D3D}"
EndProject
Project("{8BC9CEB8-8B4A-11D0-8D11-00A0C91BC942}") = "TestNewSolvers", "ScatteringTest\ScatteringTest.vcxproj", "{08D66493-2E0B-4C09-8483-8040428626FF}"
EndProject
Project("{8BC9CEB8-8B4A-11D0-8D11-00A0C91BC942}") = "GSPAT_SolverTS", "GSPAT_SolverTS\GSPAT_SolverTS.vcxproj", "{80B4CBF3-EF01-4B91-ADEC-7700A733D0FA}"
EndProject
Global
	GlobalSection(SolutionConfigurationPlatforms) = preSolution
		Debug|x64 = Debug|x64
		Debug|x86 = Debug|x86
		Release|x64 = Release|x64
		Release|x86 = Release|x86
	EndGlobalSection
	GlobalSection(ProjectConfigurationPlatforms) = postSolution
		{1C58F220-86F6-44CF-AD22-1E54A417AC3C}.Debug|x64.ActiveCfg = Debug|x64
		{1C58F220-86F6-44CF-AD22-1E54A417AC3C}.Debug|x64.Build.0 = Debug|x64
		{1C58F220-86F6-44CF-AD22-1E54A417AC3C}.Debug|x86.ActiveCfg = Debug|x64
		{1C58F220-86F6-44CF-AD22-1E54A417AC3C}.Debug|x86.Build.0 = Debug|x64
		{1C58F220-86F6-44CF-AD22-1E54A417AC3C}.Release|x64.ActiveCfg = Debug|x64
		{1C58F220-86F6-44CF-AD22-1E54A417AC3C}.Release|x64.Build.0 = Debug|x64
		{1C58F220-86F6-44CF-AD22-1E54A417AC3C}.Release|x86.ActiveCfg = Debug|x64
		{1C58F220-86F6-44CF-AD22-1E54A417AC3C}.Release|x86.Build.0 = Debug|x64
		{52A1B1F2-2666-49D7-8FD2-38AD0E98C92C}.Debug|x64.ActiveCfg = Debug|x64
		{52A1B1F2-2666-49D7-8FD2-38AD0E98C92C}.Debug|x64.Build.0 = Debug|x64
		{52A1B1F2-2666-49D7-8FD2-38AD0E98C92C}.Debug|x86.ActiveCfg = Debug|x64
		{52A1B1F2-2666-49D7-8FD2-38AD0E98C92C}.Debug|x86.Build.0 = Debug|x64
		{52A1B1F2-2666-49D7-8FD2-38AD0E98C92C}.Release|x64.ActiveCfg = Debug|x64
		{52A1B1F2-2666-49D7-8FD2-38AD0E98C92C}.Release|x64.Build.0 = Debug|x64
		{52A1B1F2-2666-49D7-8FD2-38AD0E98C92C}.Release|x86.ActiveCfg = Debug|x64
		{52A1B1F2-2666-49D7-8FD2-38AD0E98C92C}.Release|x86.Build.0 = Debug|x64
		{C6F3E907-EDDB-40C9-B552-AA8C26D3C9CB}.Debug|x64.ActiveCfg = Debug|x64
		{C6F3E907-EDDB-40C9-B552-AA8C26D3C9CB}.Debug|x64.Build.0 = Debug|x64
		{C6F3E907-EDDB-40C9-B552-AA8C26D3C9CB}.Debug|x86.ActiveCfg = Debug|x64
		{C6F3E907-EDDB-40C9-B552-AA8C26D3C9CB}.Debug|x86.Build.0 = Debug|x64
		{C6F3E907-EDDB-40C9-B552-AA8C26D3C9CB}.Release|x64.ActiveCfg = Debug|x64
		{C6F3E907-EDDB-40C9-B552-AA8C26D3C9CB}.Release|x64.Build.0 = Debug|x64
		{C6F3E907-EDDB-40C9-B552-AA8C26D3C9CB}.Release|x86.ActiveCfg = Debug|x64
		{C6F3E907-EDDB-40C9-B552-AA8C26D3C9CB}.Release|x86.Build.0 = Debug|x64
		{81217041-F56A-4125-B77C-D53DBB264016}.Debug|x64.ActiveCfg = Debug|x64
		{81217041-F56A-4125-B77C-D53DBB264016}.Debug|x64.Build.0 = Debug|x64
		{81217041-F56A-4125-B77C-D53DBB264016}.Debug|x86.ActiveCfg = Debug|x64
		{81217041-F56A-4125-B77C-D53DBB264016}.Debug|x86.Build.0 = Debug|x64
		{81217041-F56A-4125-B77C-D53DBB264016}.Release|x64.ActiveCfg = Debug|x64
		{81217041-F56A-4125-B77C-D53DBB264016}.Release|x64.Build.0 = Debug|x64
		{81217041-F56A-4125-B77C-D53DBB264016}.Release|x86.ActiveCfg = Debug|x64
		{81217041-F56A-4125-B77C-D53DBB264016}.Release|x86.Build.0 = Debug|x64
		{4EF4BAD6-9B2D-4776-86C0-6F5BF8B66968}.Debug|x64.ActiveCfg = Debug|x64
		{4EF4BAD6-9B2D-4776-86C0-6F5BF8B66968}.Debug|x64.Build.0 = Debug|x64
		{4EF4BAD6-9B2D-4776-86C0-6F5BF8B66968}.Debug|x86.ActiveCfg = Debug|x64
		{4EF4BAD6-9B2D-4776-86C0-6F5BF8B66968}.Debug|x86.Build.0 = Debug|x64
		{4EF4BAD6-9B2D-4776-86C0-6F5BF8B66968}.Release|x64.ActiveCfg = Debug|x64
		{4EF4BAD6-9B2D-4776-86C0-6F5BF8B66968}.Release|x64.Build.0 = Debug|x64
		{4EF4BAD6-9B2D-4776-86C0-6F5BF8B66968}.Release|x86.ActiveCfg = Debug|x64
		{4EF4BAD6-9B2D-4776-86C0-6F5BF8B66968}.Release|x86.Build.0 = Debug|x64
		{75AC257F-E047-4E5B-BAEC-0DCAB1DDC458}.Debug|x64.ActiveCfg = Debug|x64
		{75AC257F-E047-4E5B-BAEC-0DCAB1DDC458}.Debug|x64.Build.0 = Debug|x64
		{75AC257F-E047-4E5B-BAEC-0DCAB1DDC458}.Debug|x86.ActiveCfg = Debug|x64
		{75AC257F-E047-4E5B-BAEC-0DCAB1DDC458}.Debug|x86.Build.0 = Debug|x64
		{75AC257F-E047-4E5B-BAEC-0DCAB1DDC458}.Release|x64.ActiveCfg = Debug|x64
		{75AC257F-E047-4E5B-BAEC-0DCAB1DDC458}.Release|x64.Build.0 = Debug|x64
		{75AC257F-E047-4E5B-BAEC-0DCAB1DDC458}.Release|x86.ActiveCfg = Debug|x64
		{75AC257F-E047-4E5B-BAEC-0DCAB1DDC458}.Release|x86.Build.0 = Debug|x64
		{C88966D3-53BB-4255-9C3B-8D997CF9EF16}.Debug|x64.ActiveCfg = Debug|x64
		{C88966D3-53BB-4255-9C3B-8D997CF9EF16}.Debug|x64.Build.0 = Debug|x64
		{C88966D3-53BB-4255-9C3B-8D997CF9EF16}.Debug|x64.Deploy.0 = Debug|x64
		{C88966D3-53BB-4255-9C3B-8D997CF9EF16}.Debug|x86.ActiveCfg = Debug|x64
		{C88966D3-53BB-4255-9C3B-8D997CF9EF16}.Debug|x86.Build.0 = Debug|x64
		{C88966D3-53BB-4255-9C3B-8D997CF9EF16}.Release|x64.ActiveCfg = Debug|x64
		{C88966D3-53BB-4255-9C3B-8D997CF9EF16}.Release|x64.Build.0 = Debug|x64
		{C88966D3-53BB-4255-9C3B-8D997CF9EF16}.Release|x86.ActiveCfg = Debug|x64
		{C88966D3-53BB-4255-9C3B-8D997CF9EF16}.Release|x86.Build.0 = Debug|x64
		{4CF76E7A-AADA-44C0-B8D2-68DFDE3A9C01}.Debug|x64.ActiveCfg = Debug|x64
		{4CF76E7A-AADA-44C0-B8D2-68DFDE3A9C01}.Debug|x64.Build.0 = Debug|x64
		{4CF76E7A-AADA-44C0-B8D2-68DFDE3A9C01}.Debug|x86.ActiveCfg = Debug|x64
		{4CF76E7A-AADA-44C0-B8D2-68DFDE3A9C01}.Debug|x86.Build.0 = Debug|x64
		{4CF76E7A-AADA-44C0-B8D2-68DFDE3A9C01}.Release|x64.ActiveCfg = Debug|x64
		{4CF76E7A-AADA-44C0-B8D2-68DFDE3A9C01}.Release|x64.Build.0 = Debug|x64
		{4CF76E7A-AADA-44C0-B8D2-68DFDE3A9C01}.Release|x86.ActiveCfg = Debug|x64
		{4CF76E7A-AADA-44C0-B8D2-68DFDE3A9C01}.Release|x86.Build.0 = Debug|x64
		{61E9D77E-EBFA-49BD-AD3A-E771344C6DCF}.Debug|x64.ActiveCfg = Debug|x64
		{61E9D77E-EBFA-49BD-AD3A-E771344C6DCF}.Debug|x64.Build.0 = Debug|x64
		{61E9D77E-EBFA-49BD-AD3A-E771344C6DCF}.Debug|x86.ActiveCfg = Debug|x64
		{61E9D77E-EBFA-49BD-AD3A-E771344C6DCF}.Debug|x86.Build.0 = Debug|x64
		{61E9D77E-EBFA-49BD-AD3A-E771344C6DCF}.Release|x64.ActiveCfg = Debug|x64
		{61E9D77E-EBFA-49BD-AD3A-E771344C6DCF}.Release|x64.Build.0 = Debug|x64
		{61E9D77E-EBFA-49BD-AD3A-E771344C6DCF}.Release|x86.ActiveCfg = Debug|x64
		{61E9D77E-EBFA-49BD-AD3A-E771344C6DCF}.Release|x86.Build.0 = Debug|x64
		{37182C94-841B-4A6B-AF0A-8BDF1AA1D6E2}.Debug|x64.ActiveCfg = Debug|x64
		{37182C94-841B-4A6B-AF0A-8BDF1AA1D6E2}.Debug|x64.Build.0 = Debug|x64
		{37182C94-841B-4A6B-AF0A-8BDF1AA1D6E2}.Debug|x86.ActiveCfg = Debug|x64
		{37182C94-841B-4A6B-AF0A-8BDF1AA1D6E2}.Debug|x86.Build.0 = Debug|x64
		{37182C94-841B-4A6B-AF0A-8BDF1AA1D6E2}.Release|x64.ActiveCfg = Debug|x64
		{37182C94-841B-4A6B-AF0A-8BDF1AA1D6E2}.Release|x64.Build.0 = Debug|x64
		{37182C94-841B-4A6B-AF0A-8BDF1AA1D6E2}.Release|x86.ActiveCfg = Debug|x64
		{37182C94-841B-4A6B-AF0A-8BDF1AA1D6E2}.Release|x86.Build.0 = Debug|x64
		{AA1F4D85-46A4-4426-801E-21840AD7D4A4}.Debug|x64.ActiveCfg = Debug|x64
		{AA1F4D85-46A4-4426-801E-21840AD7D4A4}.Debug|x64.Build.0 = Debug|x64
		{AA1F4D85-46A4-4426-801E-21840AD7D4A4}.Debug|x86.ActiveCfg = Debug|x64
		{AA1F4D85-46A4-4426-801E-21840AD7D4A4}.Debug|x86.Build.0 = Debug|x64
		{AA1F4D85-46A4-4426-801E-21840AD7D4A4}.Release|x64.ActiveCfg = Debug|x64
		{AA1F4D85-46A4-4426-801E-21840AD7D4A4}.Release|x64.Build.0 = Debug|x64
		{AA1F4D85-46A4-4426-801E-21840AD7D4A4}.Release|x86.ActiveCfg = Debug|x64
		{AA1F4D85-46A4-4426-801E-21840AD7D4A4}.Release|x86.Build.0 = Debug|x64
		{7E646182-5005-4DB0-8EFF-417FD9458852}.Debug|x64.ActiveCfg = Debug|x64
		{7E646182-5005-4DB0-8EFF-417FD9458852}.Debug|x64.Build.0 = Debug|x64
		{7E646182-5005-4DB0-8EFF-417FD9458852}.Debug|x86.ActiveCfg = Debug|x64
		{7E646182-5005-4DB0-8EFF-417FD9458852}.Debug|x86.Build.0 = Debug|x64
		{7E646182-5005-4DB0-8EFF-417FD9458852}.Release|x64.ActiveCfg = Debug|x64
		{7E646182-5005-4DB0-8EFF-417FD9458852}.Release|x64.Build.0 = Debug|x64
		{7E646182-5005-4DB0-8EFF-417FD9458852}.Release|x86.ActiveCfg = Debug|x64
		{7E646182-5005-4DB0-8EFF-417FD9458852}.Release|x86.Build.0 = Debug|x64
		{CFA8E43B-B741-43D8-A3AA-DAAF97071B1E}.Debug|x64.ActiveCfg = Debug|x64
		{CFA8E43B-B741-43D8-A3AA-DAAF97071B1E}.Debug|x64.Build.0 = Debug|x64
		{CFA8E43B-B741-43D8-A3AA-DAAF97071B1E}.Debug|x86.ActiveCfg = Debug|x64
		{CFA8E43B-B741-43D8-A3AA-DAAF97071B1E}.Debug|x86.Build.0 = Debug|x64
		{CFA8E43B-B741-43D8-A3AA-DAAF97071B1E}.Release|x64.ActiveCfg = Debug|x64
		{CFA8E43B-B741-43D8-A3AA-DAAF97071B1E}.Release|x64.Build.0 = Debug|x64
		{CFA8E43B-B741-43D8-A3AA-DAAF97071B1E}.Release|x86.ActiveCfg = Debug|x64
		{CFA8E43B-B741-43D8-A3AA-DAAF97071B1E}.Release|x86.Build.0 = Debug|x64
		{0089A6B6-99E7-405E-9C7F-60C2DF2E27A7}.Debug|x64.ActiveCfg = Debug|x64
		{0089A6B6-99E7-405E-9C7F-60C2DF2E27A7}.Debug|x64.Build.0 = Debug|x64
		{0089A6B6-99E7-405E-9C7F-60C2DF2E27A7}.Debug|x86.ActiveCfg = Debug|x64
		{0089A6B6-99E7-405E-9C7F-60C2DF2E27A7}.Debug|x86.Build.0 = Debug|x64
		{0089A6B6-99E7-405E-9C7F-60C2DF2E27A7}.Release|x64.ActiveCfg = Debug|x64
		{0089A6B6-99E7-405E-9C7F-60C2DF2E27A7}.Release|x64.Build.0 = Debug|x64
		{0089A6B6-99E7-405E-9C7F-60C2DF2E27A7}.Release|x86.ActiveCfg = Debug|x64
		{0089A6B6-99E7-405E-9C7F-60C2DF2E27A7}.Release|x86.Build.0 = Debug|x64
		{4336DAE0-7CF8-4391-B8B8-4DFAE6A2E382}.Debug|x64.ActiveCfg = Debug|x64
		{4336DAE0-7CF8-4391-B8B8-4DFAE6A2E382}.Debug|x64.Build.0 = Debug|x64
		{4336DAE0-7CF8-4391-B8B8-4DFAE6A2E382}.Debug|x86.ActiveCfg = Debug|x64
		{4336DAE0-7CF8-4391-B8B8-4DFAE6A2E382}.Debug|x86.Build.0 = Debug|x64
		{4336DAE0-7CF8-4391-B8B8-4DFAE6A2E382}.Release|x64.ActiveCfg = Debug|x64
		{4336DAE0-7CF8-4391-B8B8-4DFAE6A2E382}.Release|x64.Build.0 = Debug|x64
		{4336DAE0-7CF8-4391-B8B8-4DFAE6A2E382}.Release|x86.ActiveCfg = Debug|x64
		{4336DAE0-7CF8-4391-B8B8-4DFAE6A2E382}.Release|x86.Build.0 = Debug|x64
		{43C4C52D-7E6A-46AD-A707-4D2D2590F03F}.Debug|x64.ActiveCfg = Debug|x64
		{43C4C52D-7E6A-46AD-A707-4D2D2590F03F}.Debug|x64.Build.0 = Debug|x64
		{43C4C52D-7E6A-46AD-A707-4D2D2590F03F}.Debug|x86.ActiveCfg = Debug|x64
		{43C4C52D-7E6A-46AD-A707-4D2D2590F03F}.Debug|x86.Build.0 = Debug|x64
		{43C4C52D-7E6A-46AD-A707-4D2D2590F03F}.Release|x64.ActiveCfg = Debug|x64
		{43C4C52D-7E6A-46AD-A707-4D2D2590F03F}.Release|x64.Build.0 = Debug|x64
		{43C4C52D-7E6A-46AD-A707-4D2D2590F03F}.Release|x86.ActiveCfg = Debug|x64
		{43C4C52D-7E6A-46AD-A707-4D2D2590F03F}.Release|x86.Build.0 = Debug|x64
		{5D650ECC-51A0-46B5-AA82-A51A5F97941A}.Debug|x64.ActiveCfg = Debug|x64
		{5D650ECC-51A0-46B5-AA82-A51A5F97941A}.Debug|x64.Build.0 = Debug|x64
		{5D650ECC-51A0-46B5-AA82-A51A5F97941A}.Debug|x86.ActiveCfg = Debug|x64
		{5D650ECC-51A0-46B5-AA82-A51A5F97941A}.Debug|x86.Build.0 = Debug|x64
		{5D650ECC-51A0-46B5-AA82-A51A5F97941A}.Release|x64.ActiveCfg = Debug|x64
		{5D650ECC-51A0-46B5-AA82-A51A5F97941A}.Release|x64.Build.0 = Debug|x64
		{5D650ECC-51A0-46B5-AA82-A51A5F97941A}.Release|x86.ActiveCfg = Debug|x64
		{5D650ECC-51A0-46B5-AA82-A51A5F97941A}.Release|x86.Build.0 = Debug|x64
		{72360300-230E-4960-841E-48E33011BB1B}.Debug|x64.ActiveCfg = Debug|x64
		{72360300-230E-4960-841E-48E33011BB1B}.Debug|x64.Build.0 = Debug|x64
		{72360300-230E-4960-841E-48E33011BB1B}.Debug|x86.ActiveCfg = Debug|x64
		{72360300-230E-4960-841E-48E33011BB1B}.Debug|x86.Build.0 = Debug|x64
		{72360300-230E-4960-841E-48E33011BB1B}.Release|x64.ActiveCfg = Debug|x64
		{72360300-230E-4960-841E-48E33011BB1B}.Release|x64.Build.0 = Debug|x64
		{72360300-230E-4960-841E-48E33011BB1B}.Release|x86.ActiveCfg = Debug|x64
		{72360300-230E-4960-841E-48E33011BB1B}.Release|x86.Build.0 = Debug|x64
		{20C85F85-5FAC-4E6D-BD0A-8B436DE149C9}.Debug|x64.ActiveCfg = Debug|x64
		{20C85F85-5FAC-4E6D-BD0A-8B436DE149C9}.Debug|x64.Build.0 = Debug|x64
		{20C85F85-5FAC-4E6D-BD0A-8B436DE149C9}.Debug|x86.ActiveCfg = Debug|x64
		{20C85F85-5FAC-4E6D-BD0A-8B436DE149C9}.Debug|x86.Build.0 = Debug|x64
		{20C85F85-5FAC-4E6D-BD0A-8B436DE149C9}.Release|x64.ActiveCfg = Debug|x64
		{20C85F85-5FAC-4E6D-BD0A-8B436DE149C9}.Release|x64.Build.0 = Debug|x64
		{20C85F85-5FAC-4E6D-BD0A-8B436DE149C9}.Release|x86.ActiveCfg = Debug|x64
		{20C85F85-5FAC-4E6D-BD0A-8B436DE149C9}.Release|x86.Build.0 = Debug|x64
		{9CB9DDF8-151D-472F-BF06-B30BEB5950D2}.Debug|x64.ActiveCfg = Debug|x64
		{9CB9DDF8-151D-472F-BF06-B30BEB5950D2}.Debug|x64.Build.0 = Debug|x64
		{9CB9DDF8-151D-472F-BF06-B30BEB5950D2}.Debug|x86.ActiveCfg = Debug|x64
		{9CB9DDF8-151D-472F-BF06-B30BEB5950D2}.Debug|x86.Build.0 = Debug|x64
		{9CB9DDF8-151D-472F-BF06-B30BEB5950D2}.Release|x64.ActiveCfg = Debug|x64
		{9CB9DDF8-151D-472F-BF06-B30BEB5950D2}.Release|x64.Build.0 = Debug|x64
		{9CB9DDF8-151D-472F-BF06-B30BEB5950D2}.Release|x86.ActiveCfg = Debug|x64
		{9CB9DDF8-151D-472F-BF06-B30BEB5950D2}.Release|x86.Build.0 = Debug|x64
		{943F19D2-3CBD-47A1-8B1B-F165DAF43D3D}.Debug|x64.ActiveCfg = Debug|x64
		{943F19D2-3CBD-47A1-8B1B-F165DAF43D3D}.Debug|x64.Build.0 = Debug|x64
		{943F19D2-3CBD-47A1-8B1B-F165DAF43D3D}.Debug|x86.ActiveCfg = Debug|x64
		{943F19D2-3CBD-47A1-8B1B-F165DAF43D3D}.Debug|x86.Build.0 = Debug|x64
		{943F19D2-3CBD-47A1-8B1B-F165DAF43D3D}.Release|x64.ActiveCfg = Debug|x64
		{943F19D2-3CBD-47A1-8B1B-F165DAF43D3D}.Release|x64.Build.0 = Debug|x64
		{943F19D2-3CBD-47A1-8B1B-F165DAF43D3D}.Release|x86.ActiveCfg = Debug|x64
		{943F19D2-3CBD-47A1-8B1B-F165DAF43D3D}.Release|x86.Build.0 = Debug|x64
		{08D66493-2E0B-4C09-8483-8040428626FF}.Debug|x64.ActiveCfg = Debug|x64
		{08D66493-2E0B-4C09-8483-8040428626FF}.Debug|x64.Build.0 = Debug|x64
		{08D66493-2E0B-4C09-8483-8040428626FF}.Debug|x86.ActiveCfg = Debug|Win32
		{08D66493-2E0B-4C09-8483-8040428626FF}.Debug|x86.Build.0 = Debug|Win32
		{08D66493-2E0B-4C09-8483-8040428626FF}.Release|x64.ActiveCfg = Release|x64
		{08D66493-2E0B-4C09-8483-8040428626FF}.Release|x64.Build.0 = Release|x64
		{08D66493-2E0B-4C09-8483-8040428626FF}.Release|x86.ActiveCfg = Release|Win32
		{08D66493-2E0B-4C09-8483-8040428626FF}.Release|x86.Build.0 = Release|Win32
		{80B4CBF3-EF01-4B91-ADEC-7700A733D0FA}.Debug|x64.ActiveCfg = Debug|x64
		{80B4CBF3-EF01-4B91-ADEC-7700A733D0FA}.Debug|x64.Build.0 = Debug|x64
		{80B4CBF3-EF01-4B91-ADEC-7700A733D0FA}.Debug|x86.ActiveCfg = Debug|x64
		{80B4CBF3-EF01-4B91-ADEC-7700A733D0FA}.Debug|x86.Build.0 = Debug|x64
		{80B4CBF3-EF01-4B91-ADEC-7700A733D0FA}.Release|x64.ActiveCfg = Debug|x64
		{80B4CBF3-EF01-4B91-ADEC-7700A733D0FA}.Release|x64.Build.0 = Debug|x64
		{80B4CBF3-EF01-4B91-ADEC-7700A733D0FA}.Release|x86.ActiveCfg = Debug|x64
		{80B4CBF3-EF01-4B91-ADEC-7700A733D0FA}.Release|x86.Build.0 = Debug|x64
	EndGlobalSection
	GlobalSection(SolutionProperties) = preSolution
		HideSolutionNode = FALSE
	EndGlobalSection
	GlobalSection(NestedProjects) = preSolution
		{1C58F220-86F6-44CF-AD22-1E54A417AC3C} = {DA5D9FF7-C98B-4F95-9F95-33BD36D6694D}
		{54417CEC-FD5E-4C98-91D0-FE8EE29B6867} = {C4460ED9-A862-4D03-8D61-9B1CC81BCE13}
		{C2DB4646-7B09-4D06-B930-B88DCAEA78A9} = {C4460ED9-A862-4D03-8D61-9B1CC81BCE13}
		{41A0226E-8415-4A72-9A94-EA1817ED8F87} = {C4460ED9-A862-4D03-8D61-9B1CC81BCE13}
		{52A1B1F2-2666-49D7-8FD2-38AD0E98C92C} = {54417CEC-FD5E-4C98-91D0-FE8EE29B6867}
		{C6F3E907-EDDB-40C9-B552-AA8C26D3C9CB} = {54417CEC-FD5E-4C98-91D0-FE8EE29B6867}
		{81217041-F56A-4125-B77C-D53DBB264016} = {54417CEC-FD5E-4C98-91D0-FE8EE29B6867}
		{4EF4BAD6-9B2D-4776-86C0-6F5BF8B66968} = {C2DB4646-7B09-4D06-B930-B88DCAEA78A9}
		{75AC257F-E047-4E5B-BAEC-0DCAB1DDC458} = {C2DB4646-7B09-4D06-B930-B88DCAEA78A9}
		{C88966D3-53BB-4255-9C3B-8D997CF9EF16} = {6C7D68A2-E80B-484C-859C-7D7B091EE0C6}
		{4CF76E7A-AADA-44C0-B8D2-68DFDE3A9C01} = {E9CD4EA6-2BE2-4A16-A6A9-5C2F626CB024}
		{61E9D77E-EBFA-49BD-AD3A-E771344C6DCF} = {41A0226E-8415-4A72-9A94-EA1817ED8F87}
		{37182C94-841B-4A6B-AF0A-8BDF1AA1D6E2} = {C2DB4646-7B09-4D06-B930-B88DCAEA78A9}
		{AA1F4D85-46A4-4426-801E-21840AD7D4A4} = {DA5D9FF7-C98B-4F95-9F95-33BD36D6694D}
		{7E646182-5005-4DB0-8EFF-417FD9458852} = {C2DB4646-7B09-4D06-B930-B88DCAEA78A9}
		{CFA8E43B-B741-43D8-A3AA-DAAF97071B1E} = {C2DB4646-7B09-4D06-B930-B88DCAEA78A9}
		{0089A6B6-99E7-405E-9C7F-60C2DF2E27A7} = {6C7D68A2-E80B-484C-859C-7D7B091EE0C6}
		{DA5D9FF7-C98B-4F95-9F95-33BD36D6694D} = {A859EB9A-BC1C-4980-B52B-C7D8470BE609}
		{5DBE597F-560D-4D84-BF27-3070B0956D73} = {A859EB9A-BC1C-4980-B52B-C7D8470BE609}
		{E9CD4EA6-2BE2-4A16-A6A9-5C2F626CB024} = {A859EB9A-BC1C-4980-B52B-C7D8470BE609}
		{6C7D68A2-E80B-484C-859C-7D7B091EE0C6} = {A859EB9A-BC1C-4980-B52B-C7D8470BE609}
		{4336DAE0-7CF8-4391-B8B8-4DFAE6A2E382} = {5DBE597F-560D-4D84-BF27-3070B0956D73}
		{43C4C52D-7E6A-46AD-A707-4D2D2590F03F} = {5DBE597F-560D-4D84-BF27-3070B0956D73}
		{5D650ECC-51A0-46B5-AA82-A51A5F97941A} = {5DBE597F-560D-4D84-BF27-3070B0956D73}
		{72360300-230E-4960-841E-48E33011BB1B} = {DA5D9FF7-C98B-4F95-9F95-33BD36D6694D}
		{20C85F85-5FAC-4E6D-BD0A-8B436DE149C9} = {5DBE597F-560D-4D84-BF27-3070B0956D73}
		{9CB9DDF8-151D-472F-BF06-B30BEB5950D2} = {5DBE597F-560D-4D84-BF27-3070B0956D73}
		{943F19D2-3CBD-47A1-8B1B-F165DAF43D3D} = {54417CEC-FD5E-4C98-91D0-FE8EE29B6867}
		{08D66493-2E0B-4C09-8483-8040428626FF} = {6C7D68A2-E80B-484C-859C-7D7B091EE0C6}
		{80B4CBF3-EF01-4B91-ADEC-7700A733D0FA} = {5DBE597F-560D-4D84-BF27-3070B0956D73}
	EndGlobalSection
	GlobalSection(ExtensibilityGlobals) = postSolution
		SolutionGuid = {CD58180A-6B4E-463B-B49A-B4E6748DDA0A}
	EndGlobalSection
EndGlobal
